// !$*UTF8*$!
{
	archiveVersion = 1;
	classes = {
	};
	objectVersion = 46;
	objects = {

/* Begin PBXBuildFile section */
		0C14560A1D3D4E9B0001C7F4 /* Assets.xcassets in Resources */ = {isa = PBXBuildFile; fileRef = 0C1456061D3D4E9B0001C7F4 /* Assets.xcassets */; };
		0C14560B1D3D4E9B0001C7F4 /* LaunchScreen.storyboard in Resources */ = {isa = PBXBuildFile; fileRef = 0C1456071D3D4E9B0001C7F4 /* LaunchScreen.storyboard */; };
		0C14560C1D3D4E9B0001C7F4 /* Info.plist in Resources */ = {isa = PBXBuildFile; fileRef = 0C1456091D3D4E9B0001C7F4 /* Info.plist */; };
		0C1456131D3D52790001C7F4 /* FavouriteLocations.storyboard in Resources */ = {isa = PBXBuildFile; fileRef = 0C1456121D3D52790001C7F4 /* FavouriteLocations.storyboard */; };
		0C1456151D3D528C0001C7F4 /* FavouriteLocations.swift in Sources */ = {isa = PBXBuildFile; fileRef = 0C1456141D3D528C0001C7F4 /* FavouriteLocations.swift */; };
		0C14561A1D3D64360001C7F4 /* FavouriteLocationInteractor.swift in Sources */ = {isa = PBXBuildFile; fileRef = 0C1456191D3D64360001C7F4 /* FavouriteLocationInteractor.swift */; };
		0C14561C1D3D645B0001C7F4 /* FavouriteLocationPresenter.swift in Sources */ = {isa = PBXBuildFile; fileRef = 0C14561B1D3D645B0001C7F4 /* FavouriteLocationPresenter.swift */; };
		0C14561E1D3D648F0001C7F4 /* FavouriteLocationRouter.swift in Sources */ = {isa = PBXBuildFile; fileRef = 0C14561D1D3D648F0001C7F4 /* FavouriteLocationRouter.swift */; };
		0C1456211D3D6A790001C7F4 /* ApplicationFlow.swift in Sources */ = {isa = PBXBuildFile; fileRef = 0C1456201D3D6A790001C7F4 /* ApplicationFlow.swift */; };
		0C1456241D3D6BBF0001C7F4 /* Storyboard+Helper.swift in Sources */ = {isa = PBXBuildFile; fileRef = 0C1456231D3D6BBF0001C7F4 /* Storyboard+Helper.swift */; };
		0CA282171D3D772100515A60 /* AddLocation.storyboard in Resources */ = {isa = PBXBuildFile; fileRef = 0CA282161D3D772100515A60 /* AddLocation.storyboard */; };
		0CA2821B1D3D788B00515A60 /* AddLocationRouter.swift in Sources */ = {isa = PBXBuildFile; fileRef = 0CA2821A1D3D788B00515A60 /* AddLocationRouter.swift */; };
		278509DA1D3E0B810048330E /* LocationSearchInteractor.swift in Sources */ = {isa = PBXBuildFile; fileRef = 278509D91D3E0B810048330E /* LocationSearchInteractor.swift */; };
		278509DC1D3E0B8D0048330E /* LocationSearchPresenter.swift in Sources */ = {isa = PBXBuildFile; fileRef = 278509DB1D3E0B8D0048330E /* LocationSearchPresenter.swift */; };
		278509E21D3E51A90048330E /* AddLocation.swift in Sources */ = {isa = PBXBuildFile; fileRef = 278509E11D3E51A90048330E /* AddLocation.swift */; };
		278509E51D3E539E0048330E /* Location.swift in Sources */ = {isa = PBXBuildFile; fileRef = 278509E41D3E539E0048330E /* Location.swift */; };
		279818931D3D238500A1A212 /* AppDelegate.swift in Sources */ = {isa = PBXBuildFile; fileRef = 279818921D3D238500A1A212 /* AppDelegate.swift */; };
		279818B31D3D238500A1A212 /* WeatherAlertUITests.swift in Sources */ = {isa = PBXBuildFile; fileRef = 279818B21D3D238500A1A212 /* WeatherAlertUITests.swift */; };
		27A6CB971D3E9F24002ECE88 /* NetworkLayer.swift in Sources */ = {isa = PBXBuildFile; fileRef = 27A6CB961D3E9F24002ECE88 /* NetworkLayer.swift */; };
		66DBE26DE85C56B3774E493E /* Pods_WeatherAlertUITests.framework in Frameworks */ = {isa = PBXBuildFile; fileRef = 10854C870D30357DEB4F96F9 /* Pods_WeatherAlertUITests.framework */; };
		8B055F554AF25D12C749907E /* Pods_WeatherAlert.framework in Frameworks */ = {isa = PBXBuildFile; fileRef = 848CCE111C505AB103413145 /* Pods_WeatherAlert.framework */; };
		8DCAF05165BAE1AFBC11F548 /* Pods_WeatherAlertTests.framework in Frameworks */ = {isa = PBXBuildFile; fileRef = EDB9546D940CD6FB7624CBAB /* Pods_WeatherAlertTests.framework */; };
/* End PBXBuildFile section */

/* Begin PBXContainerItemProxy section */
		279818A41D3D238500A1A212 /* PBXContainerItemProxy */ = {
			isa = PBXContainerItemProxy;
			containerPortal = 279818871D3D238500A1A212 /* Project object */;
			proxyType = 1;
			remoteGlobalIDString = 2798188E1D3D238500A1A212;
			remoteInfo = WeatherAlert;
		};
		279818AF1D3D238500A1A212 /* PBXContainerItemProxy */ = {
			isa = PBXContainerItemProxy;
			containerPortal = 279818871D3D238500A1A212 /* Project object */;
			proxyType = 1;
			remoteGlobalIDString = 2798188E1D3D238500A1A212;
			remoteInfo = WeatherAlert;
		};
/* End PBXContainerItemProxy section */

/* Begin PBXFileReference section */
		0C1456061D3D4E9B0001C7F4 /* Assets.xcassets */ = {isa = PBXFileReference; lastKnownFileType = folder.assetcatalog; path = Assets.xcassets; sourceTree = "<group>"; };
		0C1456081D3D4E9B0001C7F4 /* Base */ = {isa = PBXFileReference; lastKnownFileType = file.storyboard; name = Base; path = Base.lproj/LaunchScreen.storyboard; sourceTree = "<group>"; };
		0C1456091D3D4E9B0001C7F4 /* Info.plist */ = {isa = PBXFileReference; fileEncoding = 4; lastKnownFileType = text.plist.xml; path = Info.plist; sourceTree = "<group>"; };
		0C1456121D3D52790001C7F4 /* FavouriteLocations.storyboard */ = {isa = PBXFileReference; fileEncoding = 4; lastKnownFileType = file.storyboard; path = FavouriteLocations.storyboard; sourceTree = "<group>"; };
		0C1456141D3D528C0001C7F4 /* FavouriteLocations.swift */ = {isa = PBXFileReference; fileEncoding = 4; lastKnownFileType = sourcecode.swift; path = FavouriteLocations.swift; sourceTree = "<group>"; };
		0C1456191D3D64360001C7F4 /* FavouriteLocationInteractor.swift */ = {isa = PBXFileReference; fileEncoding = 4; lastKnownFileType = sourcecode.swift; path = FavouriteLocationInteractor.swift; sourceTree = "<group>"; };
		0C14561B1D3D645B0001C7F4 /* FavouriteLocationPresenter.swift */ = {isa = PBXFileReference; fileEncoding = 4; lastKnownFileType = sourcecode.swift; path = FavouriteLocationPresenter.swift; sourceTree = "<group>"; };
		0C14561D1D3D648F0001C7F4 /* FavouriteLocationRouter.swift */ = {isa = PBXFileReference; fileEncoding = 4; lastKnownFileType = sourcecode.swift; path = FavouriteLocationRouter.swift; sourceTree = "<group>"; };
		0C1456201D3D6A790001C7F4 /* ApplicationFlow.swift */ = {isa = PBXFileReference; fileEncoding = 4; lastKnownFileType = sourcecode.swift; path = ApplicationFlow.swift; sourceTree = "<group>"; };
		0C1456231D3D6BBF0001C7F4 /* Storyboard+Helper.swift */ = {isa = PBXFileReference; fileEncoding = 4; lastKnownFileType = sourcecode.swift; path = "Storyboard+Helper.swift"; sourceTree = "<group>"; };
		0CA282161D3D772100515A60 /* AddLocation.storyboard */ = {isa = PBXFileReference; fileEncoding = 4; lastKnownFileType = file.storyboard; path = AddLocation.storyboard; sourceTree = "<group>"; };
		0CA2821A1D3D788B00515A60 /* AddLocationRouter.swift */ = {isa = PBXFileReference; fileEncoding = 4; lastKnownFileType = sourcecode.swift; path = AddLocationRouter.swift; sourceTree = "<group>"; };
		10854C870D30357DEB4F96F9 /* Pods_WeatherAlertUITests.framework */ = {isa = PBXFileReference; explicitFileType = wrapper.framework; includeInIndex = 0; path = Pods_WeatherAlertUITests.framework; sourceTree = BUILT_PRODUCTS_DIR; };
		278509D91D3E0B810048330E /* LocationSearchInteractor.swift */ = {isa = PBXFileReference; fileEncoding = 4; lastKnownFileType = sourcecode.swift; path = LocationSearchInteractor.swift; sourceTree = "<group>"; };
		278509DB1D3E0B8D0048330E /* LocationSearchPresenter.swift */ = {isa = PBXFileReference; fileEncoding = 4; lastKnownFileType = sourcecode.swift; path = LocationSearchPresenter.swift; sourceTree = "<group>"; };
		278509E11D3E51A90048330E /* AddLocation.swift */ = {isa = PBXFileReference; fileEncoding = 4; lastKnownFileType = sourcecode.swift; path = AddLocation.swift; sourceTree = "<group>"; };
		278509E41D3E539E0048330E /* Location.swift */ = {isa = PBXFileReference; fileEncoding = 4; lastKnownFileType = sourcecode.swift; path = Location.swift; sourceTree = "<group>"; };
		2798188F1D3D238500A1A212 /* WeatherAlert.app */ = {isa = PBXFileReference; explicitFileType = wrapper.application; includeInIndex = 0; path = WeatherAlert.app; sourceTree = BUILT_PRODUCTS_DIR; };
		279818921D3D238500A1A212 /* AppDelegate.swift */ = {isa = PBXFileReference; lastKnownFileType = sourcecode.swift; path = AppDelegate.swift; sourceTree = "<group>"; };
		279818A31D3D238500A1A212 /* WeatherAlertTests.xctest */ = {isa = PBXFileReference; explicitFileType = wrapper.cfbundle; includeInIndex = 0; path = WeatherAlertTests.xctest; sourceTree = BUILT_PRODUCTS_DIR; };
		279818A91D3D238500A1A212 /* Info.plist */ = {isa = PBXFileReference; lastKnownFileType = text.plist.xml; path = Info.plist; sourceTree = "<group>"; };
		279818AE1D3D238500A1A212 /* WeatherAlertUITests.xctest */ = {isa = PBXFileReference; explicitFileType = wrapper.cfbundle; includeInIndex = 0; path = WeatherAlertUITests.xctest; sourceTree = BUILT_PRODUCTS_DIR; };
		279818B21D3D238500A1A212 /* WeatherAlertUITests.swift */ = {isa = PBXFileReference; lastKnownFileType = sourcecode.swift; path = WeatherAlertUITests.swift; sourceTree = "<group>"; };
		279818B41D3D238500A1A212 /* Info.plist */ = {isa = PBXFileReference; lastKnownFileType = text.plist.xml; path = Info.plist; sourceTree = "<group>"; };
		27A6CB961D3E9F24002ECE88 /* NetworkLayer.swift */ = {isa = PBXFileReference; fileEncoding = 4; lastKnownFileType = sourcecode.swift; path = NetworkLayer.swift; sourceTree = "<group>"; };
		3F139917E21370EA2F0EBF90 /* Pods-WeatherAlertUITests.release.xcconfig */ = {isa = PBXFileReference; includeInIndex = 1; lastKnownFileType = text.xcconfig; name = "Pods-WeatherAlertUITests.release.xcconfig"; path = "Pods/Target Support Files/Pods-WeatherAlertUITests/Pods-WeatherAlertUITests.release.xcconfig"; sourceTree = "<group>"; };
		74B346EEEA43FFF804D2E8D8 /* Pods-WeatherAlertTests.release.xcconfig */ = {isa = PBXFileReference; includeInIndex = 1; lastKnownFileType = text.xcconfig; name = "Pods-WeatherAlertTests.release.xcconfig"; path = "Pods/Target Support Files/Pods-WeatherAlertTests/Pods-WeatherAlertTests.release.xcconfig"; sourceTree = "<group>"; };
		848CCE111C505AB103413145 /* Pods_WeatherAlert.framework */ = {isa = PBXFileReference; explicitFileType = wrapper.framework; includeInIndex = 0; path = Pods_WeatherAlert.framework; sourceTree = BUILT_PRODUCTS_DIR; };
		8F6781C1C64609C5D835FB1D /* Pods-WeatherAlertTests.debug.xcconfig */ = {isa = PBXFileReference; includeInIndex = 1; lastKnownFileType = text.xcconfig; name = "Pods-WeatherAlertTests.debug.xcconfig"; path = "Pods/Target Support Files/Pods-WeatherAlertTests/Pods-WeatherAlertTests.debug.xcconfig"; sourceTree = "<group>"; };
		A001453918FFD4E30A483FDD /* Pods-WeatherAlert.release.xcconfig */ = {isa = PBXFileReference; includeInIndex = 1; lastKnownFileType = text.xcconfig; name = "Pods-WeatherAlert.release.xcconfig"; path = "Pods/Target Support Files/Pods-WeatherAlert/Pods-WeatherAlert.release.xcconfig"; sourceTree = "<group>"; };
		B1F5BF4E4E84139C57FDC657 /* Pods-WeatherAlert.debug.xcconfig */ = {isa = PBXFileReference; includeInIndex = 1; lastKnownFileType = text.xcconfig; name = "Pods-WeatherAlert.debug.xcconfig"; path = "Pods/Target Support Files/Pods-WeatherAlert/Pods-WeatherAlert.debug.xcconfig"; sourceTree = "<group>"; };
		EDB9546D940CD6FB7624CBAB /* Pods_WeatherAlertTests.framework */ = {isa = PBXFileReference; explicitFileType = wrapper.framework; includeInIndex = 0; path = Pods_WeatherAlertTests.framework; sourceTree = BUILT_PRODUCTS_DIR; };
		FC4F7D4497E395F90359EF22 /* Pods-WeatherAlertUITests.debug.xcconfig */ = {isa = PBXFileReference; includeInIndex = 1; lastKnownFileType = text.xcconfig; name = "Pods-WeatherAlertUITests.debug.xcconfig"; path = "Pods/Target Support Files/Pods-WeatherAlertUITests/Pods-WeatherAlertUITests.debug.xcconfig"; sourceTree = "<group>"; };
/* End PBXFileReference section */

/* Begin PBXFrameworksBuildPhase section */
		2798188C1D3D238500A1A212 /* Frameworks */ = {
			isa = PBXFrameworksBuildPhase;
			buildActionMask = 2147483647;
			files = (
				8B055F554AF25D12C749907E /* Pods_WeatherAlert.framework in Frameworks */,
			);
			runOnlyForDeploymentPostprocessing = 0;
		};
		279818A01D3D238500A1A212 /* Frameworks */ = {
			isa = PBXFrameworksBuildPhase;
			buildActionMask = 2147483647;
			files = (
				8DCAF05165BAE1AFBC11F548 /* Pods_WeatherAlertTests.framework in Frameworks */,
			);
			runOnlyForDeploymentPostprocessing = 0;
		};
		279818AB1D3D238500A1A212 /* Frameworks */ = {
			isa = PBXFrameworksBuildPhase;
			buildActionMask = 2147483647;
			files = (
				66DBE26DE85C56B3774E493E /* Pods_WeatherAlertUITests.framework in Frameworks */,
			);
			runOnlyForDeploymentPostprocessing = 0;
		};
/* End PBXFrameworksBuildPhase section */

/* Begin PBXGroup section */
		0C1456041D3D4E660001C7F4 /* ApplicationModules */ = {
			isa = PBXGroup;
			children = (
				0CA282111D3D770300515A60 /* LocationSearchModule */,
				0C14560D1D3D524C0001C7F4 /* FavouriteLocationModule */,
			);
			path = ApplicationModules;
			sourceTree = "<group>";
		};
		0C1456051D3D4E9B0001C7F4 /* Resources */ = {
			isa = PBXGroup;
			children = (
				0C1456061D3D4E9B0001C7F4 /* Assets.xcassets */,
				0C1456071D3D4E9B0001C7F4 /* LaunchScreen.storyboard */,
				0C1456091D3D4E9B0001C7F4 /* Info.plist */,
			);
			path = Resources;
			sourceTree = "<group>";
		};
		0C14560D1D3D524C0001C7F4 /* FavouriteLocationModule */ = {
			isa = PBXGroup;
			children = (
				0C14560E1D3D524C0001C7F4 /* Interactor */,
				0C14560F1D3D524C0001C7F4 /* Presenter */,
				0C1456101D3D524C0001C7F4 /* Router */,
				0C1456111D3D524C0001C7F4 /* View */,
			);
			path = FavouriteLocationModule;
			sourceTree = "<group>";
		};
		0C14560E1D3D524C0001C7F4 /* Interactor */ = {
			isa = PBXGroup;
			children = (
				0C1456191D3D64360001C7F4 /* FavouriteLocationInteractor.swift */,
			);
			path = Interactor;
			sourceTree = "<group>";
		};
		0C14560F1D3D524C0001C7F4 /* Presenter */ = {
			isa = PBXGroup;
			children = (
				0C14561B1D3D645B0001C7F4 /* FavouriteLocationPresenter.swift */,
			);
			path = Presenter;
			sourceTree = "<group>";
		};
		0C1456101D3D524C0001C7F4 /* Router */ = {
			isa = PBXGroup;
			children = (
				0C14561D1D3D648F0001C7F4 /* FavouriteLocationRouter.swift */,
			);
			path = Router;
			sourceTree = "<group>";
		};
		0C1456111D3D524C0001C7F4 /* View */ = {
			isa = PBXGroup;
			children = (
				0C1456141D3D528C0001C7F4 /* FavouriteLocations.swift */,
				0C1456121D3D52790001C7F4 /* FavouriteLocations.storyboard */,
			);
			path = View;
			sourceTree = "<group>";
		};
		0C14561F1D3D6A5F0001C7F4 /* ApplicationFLow */ = {
			isa = PBXGroup;
			children = (
				0C1456201D3D6A790001C7F4 /* ApplicationFlow.swift */,
			);
			path = ApplicationFLow;
			sourceTree = "<group>";
		};
		0C1456221D3D6BB20001C7F4 /* Helpers */ = {
			isa = PBXGroup;
			children = (
				0C1456231D3D6BBF0001C7F4 /* Storyboard+Helper.swift */,
			);
			path = Helpers;
			sourceTree = "<group>";
		};
		0CA282111D3D770300515A60 /* LocationSearchModule */ = {
			isa = PBXGroup;
			children = (
				278509E31D3E539E0048330E /* Entities */,
				278509D71D3E0B710048330E /* Interactor */,
				278509D81D3E0B710048330E /* Presenter */,
				0CA282141D3D770300515A60 /* Router */,
				0CA282151D3D770300515A60 /* View */,
			);
			path = LocationSearchModule;
			sourceTree = "<group>";
		};
		0CA282141D3D770300515A60 /* Router */ = {
			isa = PBXGroup;
			children = (
				0CA2821A1D3D788B00515A60 /* AddLocationRouter.swift */,
			);
			path = Router;
			sourceTree = "<group>";
		};
		0CA282151D3D770300515A60 /* View */ = {
			isa = PBXGroup;
			children = (
				278509E11D3E51A90048330E /* AddLocation.swift */,
				0CA282161D3D772100515A60 /* AddLocation.storyboard */,
			);
			path = View;
			sourceTree = "<group>";
		};
		278509D71D3E0B710048330E /* Interactor */ = {
			isa = PBXGroup;
			children = (
				278509D91D3E0B810048330E /* LocationSearchInteractor.swift */,
			);
			path = Interactor;
			sourceTree = "<group>";
		};
		278509D81D3E0B710048330E /* Presenter */ = {
			isa = PBXGroup;
			children = (
				278509DB1D3E0B8D0048330E /* LocationSearchPresenter.swift */,
			);
			path = Presenter;
			sourceTree = "<group>";
		};
		278509E31D3E539E0048330E /* Entities */ = {
			isa = PBXGroup;
			children = (
				278509E41D3E539E0048330E /* Location.swift */,
			);
			path = Entities;
			sourceTree = "<group>";
		};
		279818861D3D238500A1A212 = {
			isa = PBXGroup;
			children = (
				279818911D3D238500A1A212 /* WeatherAlert */,
				279818A61D3D238500A1A212 /* WeatherAlertTests */,
				279818B11D3D238500A1A212 /* WeatherAlertUITests */,
				279818901D3D238500A1A212 /* Products */,
				ECEB39757EBBCE8A632C851B /* Pods */,
				EBDD2C5C3A9EE81DFB7676FB /* Frameworks */,
			);
			sourceTree = "<group>";
		};
		279818901D3D238500A1A212 /* Products */ = {
			isa = PBXGroup;
			children = (
				2798188F1D3D238500A1A212 /* WeatherAlert.app */,
				279818A31D3D238500A1A212 /* WeatherAlertTests.xctest */,
				279818AE1D3D238500A1A212 /* WeatherAlertUITests.xctest */,
			);
			name = Products;
			sourceTree = "<group>";
		};
		279818911D3D238500A1A212 /* WeatherAlert */ = {
			isa = PBXGroup;
			children = (
				0C14561F1D3D6A5F0001C7F4 /* ApplicationFLow */,
				0C1456041D3D4E660001C7F4 /* ApplicationModules */,
				279818921D3D238500A1A212 /* AppDelegate.swift */,
				27A6CB951D3E9F24002ECE88 /* Network */,
				0C1456221D3D6BB20001C7F4 /* Helpers */,
				0C1456051D3D4E9B0001C7F4 /* Resources */,
			);
			path = WeatherAlert;
			sourceTree = "<group>";
		};
		279818A61D3D238500A1A212 /* WeatherAlertTests */ = {
			isa = PBXGroup;
			children = (
				279818A91D3D238500A1A212 /* Info.plist */,
			);
			path = WeatherAlertTests;
			sourceTree = "<group>";
		};
		279818B11D3D238500A1A212 /* WeatherAlertUITests */ = {
			isa = PBXGroup;
			children = (
				279818B21D3D238500A1A212 /* WeatherAlertUITests.swift */,
				279818B41D3D238500A1A212 /* Info.plist */,
			);
			path = WeatherAlertUITests;
			sourceTree = "<group>";
		};
		27A6CB951D3E9F24002ECE88 /* Network */ = {
			isa = PBXGroup;
			children = (
				27A6CB961D3E9F24002ECE88 /* NetworkLayer.swift */,
			);
			path = Network;
			sourceTree = "<group>";
		};
		EBDD2C5C3A9EE81DFB7676FB /* Frameworks */ = {
			isa = PBXGroup;
			children = (
				848CCE111C505AB103413145 /* Pods_WeatherAlert.framework */,
				EDB9546D940CD6FB7624CBAB /* Pods_WeatherAlertTests.framework */,
				10854C870D30357DEB4F96F9 /* Pods_WeatherAlertUITests.framework */,
			);
			name = Frameworks;
			sourceTree = "<group>";
		};
		ECEB39757EBBCE8A632C851B /* Pods */ = {
			isa = PBXGroup;
			children = (
				B1F5BF4E4E84139C57FDC657 /* Pods-WeatherAlert.debug.xcconfig */,
				A001453918FFD4E30A483FDD /* Pods-WeatherAlert.release.xcconfig */,
				8F6781C1C64609C5D835FB1D /* Pods-WeatherAlertTests.debug.xcconfig */,
				74B346EEEA43FFF804D2E8D8 /* Pods-WeatherAlertTests.release.xcconfig */,
				FC4F7D4497E395F90359EF22 /* Pods-WeatherAlertUITests.debug.xcconfig */,
				3F139917E21370EA2F0EBF90 /* Pods-WeatherAlertUITests.release.xcconfig */,
			);
			name = Pods;
			sourceTree = "<group>";
		};
/* End PBXGroup section */

/* Begin PBXNativeTarget section */
		2798188E1D3D238500A1A212 /* WeatherAlert */ = {
			isa = PBXNativeTarget;
			buildConfigurationList = 279818B71D3D238500A1A212 /* Build configuration list for PBXNativeTarget "WeatherAlert" */;
			buildPhases = (
				4CA9AD085234ECB78911B92E /* [CP] Check Pods Manifest.lock */,
				2798188B1D3D238500A1A212 /* Sources */,
				2798188C1D3D238500A1A212 /* Frameworks */,
				2798188D1D3D238500A1A212 /* Resources */,
				29DB890091A6E52DC720CF00 /* [CP] Embed Pods Frameworks */,
				1F8D187C503C7710723EE8FF /* [CP] Copy Pods Resources */,
			);
			buildRules = (
			);
			dependencies = (
			);
			name = WeatherAlert;
			productName = WeatherAlert;
			productReference = 2798188F1D3D238500A1A212 /* WeatherAlert.app */;
			productType = "com.apple.product-type.application";
		};
		279818A21D3D238500A1A212 /* WeatherAlertTests */ = {
			isa = PBXNativeTarget;
			buildConfigurationList = 279818BA1D3D238500A1A212 /* Build configuration list for PBXNativeTarget "WeatherAlertTests" */;
			buildPhases = (
				B5B6733A2FAA70AC2F87618E /* [CP] Check Pods Manifest.lock */,
				2798189F1D3D238500A1A212 /* Sources */,
				279818A01D3D238500A1A212 /* Frameworks */,
				279818A11D3D238500A1A212 /* Resources */,
				061ED0922E9B03546C1ECB61 /* [CP] Embed Pods Frameworks */,
				FB137AADFC988D77FD4BA777 /* [CP] Copy Pods Resources */,
			);
			buildRules = (
			);
			dependencies = (
				279818A51D3D238500A1A212 /* PBXTargetDependency */,
			);
			name = WeatherAlertTests;
			productName = WeatherAlertTests;
			productReference = 279818A31D3D238500A1A212 /* WeatherAlertTests.xctest */;
			productType = "com.apple.product-type.bundle.unit-test";
		};
		279818AD1D3D238500A1A212 /* WeatherAlertUITests */ = {
			isa = PBXNativeTarget;
			buildConfigurationList = 279818BD1D3D238500A1A212 /* Build configuration list for PBXNativeTarget "WeatherAlertUITests" */;
			buildPhases = (
				342652F296A39403EA782037 /* [CP] Check Pods Manifest.lock */,
				279818AA1D3D238500A1A212 /* Sources */,
				279818AB1D3D238500A1A212 /* Frameworks */,
				279818AC1D3D238500A1A212 /* Resources */,
				B3E401745421798E0A046FF2 /* [CP] Copy Pods Resources */,
			);
			buildRules = (
			);
			dependencies = (
				279818B01D3D238500A1A212 /* PBXTargetDependency */,
			);
			name = WeatherAlertUITests;
			productName = WeatherAlertUITests;
			productReference = 279818AE1D3D238500A1A212 /* WeatherAlertUITests.xctest */;
			productType = "com.apple.product-type.bundle.ui-testing";
		};
/* End PBXNativeTarget section */

/* Begin PBXProject section */
		279818871D3D238500A1A212 /* Project object */ = {
			isa = PBXProject;
			attributes = {
				LastSwiftUpdateCheck = 0730;
				LastUpgradeCheck = 0730;
				TargetAttributes = {
					2798188E1D3D238500A1A212 = {
						CreatedOnToolsVersion = 7.3.1;
					};
					279818A21D3D238500A1A212 = {
						CreatedOnToolsVersion = 7.3.1;
						TestTargetID = 2798188E1D3D238500A1A212;
					};
					279818AD1D3D238500A1A212 = {
						CreatedOnToolsVersion = 7.3.1;
						TestTargetID = 2798188E1D3D238500A1A212;
					};
				};
			};
			buildConfigurationList = 2798188A1D3D238500A1A212 /* Build configuration list for PBXProject "WeatherAlert" */;
			compatibilityVersion = "Xcode 3.2";
			developmentRegion = English;
			hasScannedForEncodings = 0;
			knownRegions = (
				en,
				Base,
			);
			mainGroup = 279818861D3D238500A1A212;
			productRefGroup = 279818901D3D238500A1A212 /* Products */;
			projectDirPath = "";
			projectRoot = "";
			targets = (
				2798188E1D3D238500A1A212 /* WeatherAlert */,
				279818A21D3D238500A1A212 /* WeatherAlertTests */,
				279818AD1D3D238500A1A212 /* WeatherAlertUITests */,
			);
		};
/* End PBXProject section */

/* Begin PBXResourcesBuildPhase section */
		2798188D1D3D238500A1A212 /* Resources */ = {
			isa = PBXResourcesBuildPhase;
			buildActionMask = 2147483647;
			files = (
				0C14560A1D3D4E9B0001C7F4 /* Assets.xcassets in Resources */,
				0C1456131D3D52790001C7F4 /* FavouriteLocations.storyboard in Resources */,
				0C14560B1D3D4E9B0001C7F4 /* LaunchScreen.storyboard in Resources */,
				0C14560C1D3D4E9B0001C7F4 /* Info.plist in Resources */,
				0CA282171D3D772100515A60 /* AddLocation.storyboard in Resources */,
			);
			runOnlyForDeploymentPostprocessing = 0;
		};
		279818A11D3D238500A1A212 /* Resources */ = {
			isa = PBXResourcesBuildPhase;
			buildActionMask = 2147483647;
			files = (
			);
			runOnlyForDeploymentPostprocessing = 0;
		};
		279818AC1D3D238500A1A212 /* Resources */ = {
			isa = PBXResourcesBuildPhase;
			buildActionMask = 2147483647;
			files = (
			);
			runOnlyForDeploymentPostprocessing = 0;
		};
/* End PBXResourcesBuildPhase section */

/* Begin PBXShellScriptBuildPhase section */
		061ED0922E9B03546C1ECB61 /* [CP] Embed Pods Frameworks */ = {
			isa = PBXShellScriptBuildPhase;
			buildActionMask = 2147483647;
			files = (
			);
			inputPaths = (
			);
			name = "[CP] Embed Pods Frameworks";
			outputPaths = (
			);
			runOnlyForDeploymentPostprocessing = 0;
			shellPath = /bin/sh;
			shellScript = "\"${SRCROOT}/Pods/Target Support Files/Pods-WeatherAlertTests/Pods-WeatherAlertTests-frameworks.sh\"\n";
			showEnvVarsInLog = 0;
		};
		1F8D187C503C7710723EE8FF /* [CP] Copy Pods Resources */ = {
			isa = PBXShellScriptBuildPhase;
			buildActionMask = 2147483647;
			files = (
			);
			inputPaths = (
			);
			name = "[CP] Copy Pods Resources";
			outputPaths = (
			);
			runOnlyForDeploymentPostprocessing = 0;
			shellPath = /bin/sh;
			shellScript = "\"${SRCROOT}/Pods/Target Support Files/Pods-WeatherAlert/Pods-WeatherAlert-resources.sh\"\n";
			showEnvVarsInLog = 0;
		};
		29DB890091A6E52DC720CF00 /* [CP] Embed Pods Frameworks */ = {
			isa = PBXShellScriptBuildPhase;
			buildActionMask = 2147483647;
			files = (
			);
			inputPaths = (
			);
			name = "[CP] Embed Pods Frameworks";
			outputPaths = (
			);
			runOnlyForDeploymentPostprocessing = 0;
			shellPath = /bin/sh;
			shellScript = "\"${SRCROOT}/Pods/Target Support Files/Pods-WeatherAlert/Pods-WeatherAlert-frameworks.sh\"\n";
			showEnvVarsInLog = 0;
		};
		342652F296A39403EA782037 /* [CP] Check Pods Manifest.lock */ = {
			isa = PBXShellScriptBuildPhase;
			buildActionMask = 2147483647;
			files = (
			);
			inputPaths = (
			);
			name = "[CP] Check Pods Manifest.lock";
			outputPaths = (
			);
			runOnlyForDeploymentPostprocessing = 0;
			shellPath = /bin/sh;
			shellScript = "diff \"${PODS_ROOT}/../Podfile.lock\" \"${PODS_ROOT}/Manifest.lock\" > /dev/null\nif [[ $? != 0 ]] ; then\n    cat << EOM\nerror: The sandbox is not in sync with the Podfile.lock. Run 'pod install' or update your CocoaPods installation.\nEOM\n    exit 1\nfi\n";
			showEnvVarsInLog = 0;
		};
		4CA9AD085234ECB78911B92E /* [CP] Check Pods Manifest.lock */ = {
			isa = PBXShellScriptBuildPhase;
			buildActionMask = 2147483647;
			files = (
			);
			inputPaths = (
			);
			name = "[CP] Check Pods Manifest.lock";
			outputPaths = (
			);
			runOnlyForDeploymentPostprocessing = 0;
			shellPath = /bin/sh;
			shellScript = "diff \"${PODS_ROOT}/../Podfile.lock\" \"${PODS_ROOT}/Manifest.lock\" > /dev/null\nif [[ $? != 0 ]] ; then\n    cat << EOM\nerror: The sandbox is not in sync with the Podfile.lock. Run 'pod install' or update your CocoaPods installation.\nEOM\n    exit 1\nfi\n";
			showEnvVarsInLog = 0;
		};
		B3E401745421798E0A046FF2 /* [CP] Copy Pods Resources */ = {
			isa = PBXShellScriptBuildPhase;
			buildActionMask = 2147483647;
			files = (
			);
			inputPaths = (
			);
			name = "[CP] Copy Pods Resources";
			outputPaths = (
			);
			runOnlyForDeploymentPostprocessing = 0;
			shellPath = /bin/sh;
			shellScript = "\"${SRCROOT}/Pods/Target Support Files/Pods-WeatherAlertUITests/Pods-WeatherAlertUITests-resources.sh\"\n";
			showEnvVarsInLog = 0;
		};
		B5B6733A2FAA70AC2F87618E /* [CP] Check Pods Manifest.lock */ = {
			isa = PBXShellScriptBuildPhase;
			buildActionMask = 2147483647;
			files = (
			);
			inputPaths = (
			);
			name = "[CP] Check Pods Manifest.lock";
			outputPaths = (
			);
			runOnlyForDeploymentPostprocessing = 0;
			shellPath = /bin/sh;
			shellScript = "diff \"${PODS_ROOT}/../Podfile.lock\" \"${PODS_ROOT}/Manifest.lock\" > /dev/null\nif [[ $? != 0 ]] ; then\n    cat << EOM\nerror: The sandbox is not in sync with the Podfile.lock. Run 'pod install' or update your CocoaPods installation.\nEOM\n    exit 1\nfi\n";
			showEnvVarsInLog = 0;
		};
		FB137AADFC988D77FD4BA777 /* [CP] Copy Pods Resources */ = {
			isa = PBXShellScriptBuildPhase;
			buildActionMask = 2147483647;
			files = (
			);
			inputPaths = (
			);
			name = "[CP] Copy Pods Resources";
			outputPaths = (
			);
			runOnlyForDeploymentPostprocessing = 0;
			shellPath = /bin/sh;
			shellScript = "\"${SRCROOT}/Pods/Target Support Files/Pods-WeatherAlertTests/Pods-WeatherAlertTests-resources.sh\"\n";
			showEnvVarsInLog = 0;
		};
/* End PBXShellScriptBuildPhase section */

/* Begin PBXSourcesBuildPhase section */
		2798188B1D3D238500A1A212 /* Sources */ = {
			isa = PBXSourcesBuildPhase;
			buildActionMask = 2147483647;
			files = (
				0C1456151D3D528C0001C7F4 /* FavouriteLocations.swift in Sources */,
				278509DA1D3E0B810048330E /* LocationSearchInteractor.swift in Sources */,
				279818931D3D238500A1A212 /* AppDelegate.swift in Sources */,
				27A6CB971D3E9F24002ECE88 /* NetworkLayer.swift in Sources */,
				0C14561C1D3D645B0001C7F4 /* FavouriteLocationPresenter.swift in Sources */,
				0C14561A1D3D64360001C7F4 /* FavouriteLocationInteractor.swift in Sources */,
				0C14561E1D3D648F0001C7F4 /* FavouriteLocationRouter.swift in Sources */,
				278509E51D3E539E0048330E /* Location.swift in Sources */,
				0CA2821B1D3D788B00515A60 /* AddLocationRouter.swift in Sources */,
				278509E21D3E51A90048330E /* AddLocation.swift in Sources */,
				0C1456241D3D6BBF0001C7F4 /* Storyboard+Helper.swift in Sources */,
				0C1456211D3D6A790001C7F4 /* ApplicationFlow.swift in Sources */,
				278509DC1D3E0B8D0048330E /* LocationSearchPresenter.swift in Sources */,
			);
			runOnlyForDeploymentPostprocessing = 0;
		};
		2798189F1D3D238500A1A212 /* Sources */ = {
			isa = PBXSourcesBuildPhase;
			buildActionMask = 2147483647;
			files = (
			);
			runOnlyForDeploymentPostprocessing = 0;
		};
		279818AA1D3D238500A1A212 /* Sources */ = {
			isa = PBXSourcesBuildPhase;
			buildActionMask = 2147483647;
			files = (
				279818B31D3D238500A1A212 /* WeatherAlertUITests.swift in Sources */,
			);
			runOnlyForDeploymentPostprocessing = 0;
		};
/* End PBXSourcesBuildPhase section */

/* Begin PBXTargetDependency section */
		279818A51D3D238500A1A212 /* PBXTargetDependency */ = {
			isa = PBXTargetDependency;
			target = 2798188E1D3D238500A1A212 /* WeatherAlert */;
			targetProxy = 279818A41D3D238500A1A212 /* PBXContainerItemProxy */;
		};
		279818B01D3D238500A1A212 /* PBXTargetDependency */ = {
			isa = PBXTargetDependency;
			target = 2798188E1D3D238500A1A212 /* WeatherAlert */;
			targetProxy = 279818AF1D3D238500A1A212 /* PBXContainerItemProxy */;
		};
/* End PBXTargetDependency section */

/* Begin PBXVariantGroup section */
		0C1456071D3D4E9B0001C7F4 /* LaunchScreen.storyboard */ = {
			isa = PBXVariantGroup;
			children = (
				0C1456081D3D4E9B0001C7F4 /* Base */,
			);
			name = LaunchScreen.storyboard;
			sourceTree = "<group>";
		};
/* End PBXVariantGroup section */

/* Begin XCBuildConfiguration section */
		279818B51D3D238500A1A212 /* Debug */ = {
			isa = XCBuildConfiguration;
			buildSettings = {
				ALWAYS_SEARCH_USER_PATHS = NO;
				CLANG_ANALYZER_NONNULL = YES;
				CLANG_CXX_LANGUAGE_STANDARD = "gnu++0x";
				CLANG_CXX_LIBRARY = "libc++";
				CLANG_ENABLE_MODULES = YES;
				CLANG_ENABLE_OBJC_ARC = YES;
				CLANG_WARN_BOOL_CONVERSION = YES;
				CLANG_WARN_CONSTANT_CONVERSION = YES;
				CLANG_WARN_DIRECT_OBJC_ISA_USAGE = YES_ERROR;
				CLANG_WARN_EMPTY_BODY = YES;
				CLANG_WARN_ENUM_CONVERSION = YES;
				CLANG_WARN_INT_CONVERSION = YES;
				CLANG_WARN_OBJC_ROOT_CLASS = YES_ERROR;
				CLANG_WARN_UNREACHABLE_CODE = YES;
				CLANG_WARN__DUPLICATE_METHOD_MATCH = YES;
				"CODE_SIGN_IDENTITY[sdk=iphoneos*]" = "iPhone Developer";
				COPY_PHASE_STRIP = NO;
				DEBUG_INFORMATION_FORMAT = dwarf;
				ENABLE_STRICT_OBJC_MSGSEND = YES;
				ENABLE_TESTABILITY = YES;
				GCC_C_LANGUAGE_STANDARD = gnu99;
				GCC_DYNAMIC_NO_PIC = NO;
				GCC_NO_COMMON_BLOCKS = YES;
				GCC_OPTIMIZATION_LEVEL = 0;
				GCC_PREPROCESSOR_DEFINITIONS = (
					"DEBUG=1",
					"$(inherited)",
				);
				GCC_WARN_64_TO_32_BIT_CONVERSION = YES;
				GCC_WARN_ABOUT_RETURN_TYPE = YES_ERROR;
				GCC_WARN_UNDECLARED_SELECTOR = YES;
				GCC_WARN_UNINITIALIZED_AUTOS = YES_AGGRESSIVE;
				GCC_WARN_UNUSED_FUNCTION = YES;
				GCC_WARN_UNUSED_VARIABLE = YES;
				IPHONEOS_DEPLOYMENT_TARGET = 9.3;
				MTL_ENABLE_DEBUG_INFO = YES;
				ONLY_ACTIVE_ARCH = YES;
				SDKROOT = iphoneos;
				SWIFT_OPTIMIZATION_LEVEL = "-Onone";
				TARGETED_DEVICE_FAMILY = "1,2";
			};
			name = Debug;
		};
		279818B61D3D238500A1A212 /* Release */ = {
			isa = XCBuildConfiguration;
			buildSettings = {
				ALWAYS_SEARCH_USER_PATHS = NO;
				CLANG_ANALYZER_NONNULL = YES;
				CLANG_CXX_LANGUAGE_STANDARD = "gnu++0x";
				CLANG_CXX_LIBRARY = "libc++";
				CLANG_ENABLE_MODULES = YES;
				CLANG_ENABLE_OBJC_ARC = YES;
				CLANG_WARN_BOOL_CONVERSION = YES;
				CLANG_WARN_CONSTANT_CONVERSION = YES;
				CLANG_WARN_DIRECT_OBJC_ISA_USAGE = YES_ERROR;
				CLANG_WARN_EMPTY_BODY = YES;
				CLANG_WARN_ENUM_CONVERSION = YES;
				CLANG_WARN_INT_CONVERSION = YES;
				CLANG_WARN_OBJC_ROOT_CLASS = YES_ERROR;
				CLANG_WARN_UNREACHABLE_CODE = YES;
				CLANG_WARN__DUPLICATE_METHOD_MATCH = YES;
				"CODE_SIGN_IDENTITY[sdk=iphoneos*]" = "iPhone Developer";
				COPY_PHASE_STRIP = NO;
				DEBUG_INFORMATION_FORMAT = "dwarf-with-dsym";
				ENABLE_NS_ASSERTIONS = NO;
				ENABLE_STRICT_OBJC_MSGSEND = YES;
				GCC_C_LANGUAGE_STANDARD = gnu99;
				GCC_NO_COMMON_BLOCKS = YES;
				GCC_WARN_64_TO_32_BIT_CONVERSION = YES;
				GCC_WARN_ABOUT_RETURN_TYPE = YES_ERROR;
				GCC_WARN_UNDECLARED_SELECTOR = YES;
				GCC_WARN_UNINITIALIZED_AUTOS = YES_AGGRESSIVE;
				GCC_WARN_UNUSED_FUNCTION = YES;
				GCC_WARN_UNUSED_VARIABLE = YES;
				IPHONEOS_DEPLOYMENT_TARGET = 9.3;
				MTL_ENABLE_DEBUG_INFO = NO;
				SDKROOT = iphoneos;
				TARGETED_DEVICE_FAMILY = "1,2";
				VALIDATE_PRODUCT = YES;
			};
			name = Release;
		};
		279818B81D3D238500A1A212 /* Debug */ = {
			isa = XCBuildConfiguration;
			baseConfigurationReference = B1F5BF4E4E84139C57FDC657 /* Pods-WeatherAlert.debug.xcconfig */;
			buildSettings = {
				ASSETCATALOG_COMPILER_APPICON_NAME = AppIcon;
				INFOPLIST_FILE = "$(SRCROOT)/WeatherAlert/Resources/Info.plist";
				IPHONEOS_DEPLOYMENT_TARGET = 8.0;
				LD_RUNPATH_SEARCH_PATHS = "$(inherited) @executable_path/Frameworks";
				PRODUCT_BUNDLE_IDENTIFIER = com.nrcompany.WeatherAlert;
				PRODUCT_NAME = "$(TARGET_NAME)";
			};
			name = Debug;
		};
		279818B91D3D238500A1A212 /* Release */ = {
			isa = XCBuildConfiguration;
			baseConfigurationReference = A001453918FFD4E30A483FDD /* Pods-WeatherAlert.release.xcconfig */;
			buildSettings = {
				ASSETCATALOG_COMPILER_APPICON_NAME = AppIcon;
				INFOPLIST_FILE = "$(SRCROOT)/WeatherAlert/Resources/Info.plist";
				IPHONEOS_DEPLOYMENT_TARGET = 8.0;
				LD_RUNPATH_SEARCH_PATHS = "$(inherited) @executable_path/Frameworks";
				PRODUCT_BUNDLE_IDENTIFIER = com.nrcompany.WeatherAlert;
				PRODUCT_NAME = "$(TARGET_NAME)";
			};
			name = Release;
		};
		279818BB1D3D238500A1A212 /* Debug */ = {
			isa = XCBuildConfiguration;
			baseConfigurationReference = 8F6781C1C64609C5D835FB1D /* Pods-WeatherAlertTests.debug.xcconfig */;
			buildSettings = {
				BUNDLE_LOADER = "$(TEST_HOST)";
				CLANG_ENABLE_MODULES = YES;
				INFOPLIST_FILE = WeatherAlertTests/Info.plist;
				LD_RUNPATH_SEARCH_PATHS = "$(inherited) @executable_path/Frameworks @loader_path/Frameworks";
				PRODUCT_BUNDLE_IDENTIFIER = nrcompany.WeatherAlertTests;
				PRODUCT_NAME = "$(TARGET_NAME)";
				SWIFT_OPTIMIZATION_LEVEL = "-Onone";
				TEST_HOST = "$(BUILT_PRODUCTS_DIR)/WeatherAlert.app/WeatherAlert";
			};
			name = Debug;
		};
		279818BC1D3D238500A1A212 /* Release */ = {
			isa = XCBuildConfiguration;
			baseConfigurationReference = 74B346EEEA43FFF804D2E8D8 /* Pods-WeatherAlertTests.release.xcconfig */;
			buildSettings = {
				BUNDLE_LOADER = "$(TEST_HOST)";
				CLANG_ENABLE_MODULES = YES;
				INFOPLIST_FILE = WeatherAlertTests/Info.plist;
				LD_RUNPATH_SEARCH_PATHS = "$(inherited) @executable_path/Frameworks @loader_path/Frameworks";
				PRODUCT_BUNDLE_IDENTIFIER = nrcompany.WeatherAlertTests;
				PRODUCT_NAME = "$(TARGET_NAME)";
				TEST_HOST = "$(BUILT_PRODUCTS_DIR)/WeatherAlert.app/WeatherAlert";
			};
			name = Release;
		};
		279818BE1D3D238500A1A212 /* Debug */ = {
			isa = XCBuildConfiguration;
			baseConfigurationReference = FC4F7D4497E395F90359EF22 /* Pods-WeatherAlertUITests.debug.xcconfig */;
			buildSettings = {
				INFOPLIST_FILE = WeatherAlertUITests/Info.plist;
				LD_RUNPATH_SEARCH_PATHS = "$(inherited) @executable_path/Frameworks @loader_path/Frameworks";
				PRODUCT_BUNDLE_IDENTIFIER = nrcompany.WeatherAlertUITests;
				PRODUCT_NAME = "$(TARGET_NAME)";
				TEST_TARGET_NAME = WeatherAlert;
			};
			name = Debug;
		};
		279818BF1D3D238500A1A212 /* Release */ = {
			isa = XCBuildConfiguration;
			baseConfigurationReference = 3F139917E21370EA2F0EBF90 /* Pods-WeatherAlertUITests.release.xcconfig */;
			buildSettings = {
				INFOPLIST_FILE = WeatherAlertUITests/Info.plist;
				LD_RUNPATH_SEARCH_PATHS = "$(inherited) @executable_path/Frameworks @loader_path/Frameworks";
				PRODUCT_BUNDLE_IDENTIFIER = nrcompany.WeatherAlertUITests;
				PRODUCT_NAME = "$(TARGET_NAME)";
				TEST_TARGET_NAME = WeatherAlert;
			};
			name = Release;
		};
/* End XCBuildConfiguration section */

/* Begin XCConfigurationList section */
		2798188A1D3D238500A1A212 /* Build configuration list for PBXProject "WeatherAlert" */ = {
			isa = XCConfigurationList;
			buildConfigurations = (
				279818B51D3D238500A1A212 /* Debug */,
				279818B61D3D238500A1A212 /* Release */,
			);
			defaultConfigurationIsVisible = 0;
			defaultConfigurationName = Release;
		};
		279818B71D3D238500A1A212 /* Build configuration list for PBXNativeTarget "WeatherAlert" */ = {
			isa = XCConfigurationList;
			buildConfigurations = (
				279818B81D3D238500A1A212 /* Debug */,
				279818B91D3D238500A1A212 /* Release */,
			);
			defaultConfigurationIsVisible = 0;
			defaultConfigurationName = Release;
		};
		279818BA1D3D238500A1A212 /* Build configuration list for PBXNativeTarget "WeatherAlertTests" */ = {
			isa = XCConfigurationList;
			buildConfigurations = (
				279818BB1D3D238500A1A212 /* Debug */,
				279818BC1D3D238500A1A212 /* Release */,
			);
			defaultConfigurationIsVisible = 0;
			defaultConfigurationName = Release;
		};
		279818BD1D3D238500A1A212 /* Build configuration list for PBXNativeTarget "WeatherAlertUITests" */ = {
			isa = XCConfigurationList;
			buildConfigurations = (
				279818BE1D3D238500A1A212 /* Debug */,
				279818BF1D3D238500A1A212 /* Release */,
			);
			defaultConfigurationIsVisible = 0;
			defaultConfigurationName = Release;
		};
/* End XCConfigurationList section */
	};
	rootObject = 279818871D3D238500A1A212 /* Project object */;
}
